
Microsoft Visual Studio Solution File, Format Version 12.00
# Visual Studio Version 17
VisualStudioVersion = 17.3.32922.545
MinimumVisualStudioVersion = 10.0.40219.1
Project("{FAE04EC0-301F-11D3-BF4B-00C04F79EFBC}") = "23_1(5)", "23_1(5).csproj", "{7371DAD4-1E91-4446-88C8-00E189D56F5E}"
EndProject
Global
	GlobalSection(SolutionConfigurationPlatforms) = preSolution
		Debug|Any CPU = Debug|Any CPU
		Release|Any CPU = Release|Any CPU
	EndGlobalSection
	GlobalSection(ProjectConfigurationPlatforms) = postSolution
		{7371DAD4-1E91-4446-88C8-00E189D56F5E}.Debug|Any CPU.ActiveCfg = Debug|Any CPU
		{7371DAD4-1E91-4446-88C8-00E189D56F5E}.Debug|Any CPU.Build.0 = Debug|Any CPU
		{7371DAD4-1E91-4446-88C8-00E189D56F5E}.Release|Any CPU.ActiveCfg = Release|Any CPU
		{7371DAD4-1E91-4446-88C8-00E189D56F5E}.Release|Any CPU.Build.0 = Release|Any CPU
	EndGlobalSection
	GlobalSection(SolutionProperties) = preSolution
		HideSolutionNode = FALSE
	EndGlobalSection
	GlobalSection(ExtensibilityGlobals) = postSolution
		SolutionGuid = {DBAE72D0-63B6-4605-A985-87CA3BC8AAC6}
	EndGlobalSection
EndGlobal
