
Microsoft Visual Studio Solution File, Format Version 12.00
# Visual Studio Version 17
VisualStudioVersion = 17.3.32922.545
MinimumVisualStudioVersion = 10.0.40219.1
Project("{FAE04EC0-301F-11D3-BF4B-00C04F79EFBC}") = "23_1(4)", "23_1(4).csproj", "{DC70A705-EDFD-4951-8FA3-7433AF331CA6}"
EndProject
Global
	GlobalSection(SolutionConfigurationPlatforms) = preSolution
		Debug|Any CPU = Debug|Any CPU
		Release|Any CPU = Release|Any CPU
	EndGlobalSection
	GlobalSection(ProjectConfigurationPlatforms) = postSolution
		{DC70A705-EDFD-4951-8FA3-7433AF331CA6}.Debug|Any CPU.ActiveCfg = Debug|Any CPU
		{DC70A705-EDFD-4951-8FA3-7433AF331CA6}.Debug|Any CPU.Build.0 = Debug|Any CPU
		{DC70A705-EDFD-4951-8FA3-7433AF331CA6}.Release|Any CPU.ActiveCfg = Release|Any CPU
		{DC70A705-EDFD-4951-8FA3-7433AF331CA6}.Release|Any CPU.Build.0 = Release|Any CPU
	EndGlobalSection
	GlobalSection(SolutionProperties) = preSolution
		HideSolutionNode = FALSE
	EndGlobalSection
	GlobalSection(ExtensibilityGlobals) = postSolution
		SolutionGuid = {891DB3AD-1695-4911-9228-FBE9B570513F}
	EndGlobalSection
EndGlobal
